
Microsoft Visual Studio Solution File, Format Version 12.00
# Visual Studio Version 16
VisualStudioVersion = 16.0.31613.86
MinimumVisualStudioVersion = 10.0.40219.1
Project("{FAE04EC0-301F-11D3-BF4B-00C04F79EFBC}") = "ChatApp_TCP", "..\ChatApp_TCP\ChatApp_TCP.csproj", "{2B1509C9-1D3D-40D9-BB8E-719ADAF9F777}"
EndProject
Project("{54435603-DBB4-11D2-8724-00A0C9A8B90C}") = "Setup_chatApp", "..\Setup_chatApp\Setup_chatApp.vdproj", "{D170D40E-4B80-4300-91BA-90FAE4817BF6}"
EndProject
Global
	GlobalSection(SolutionConfigurationPlatforms) = preSolution
		Debug|Any CPU = Debug|Any CPU
		Release|Any CPU = Release|Any CPU
	EndGlobalSection
	GlobalSection(ProjectConfigurationPlatforms) = postSolution
		{2B1509C9-1D3D-40D9-BB8E-719ADAF9F777}.Debug|Any CPU.ActiveCfg = Debug|Any CPU
		{2B1509C9-1D3D-40D9-BB8E-719ADAF9F777}.Debug|Any CPU.Build.0 = Debug|Any CPU
		{2B1509C9-1D3D-40D9-BB8E-719ADAF9F777}.Release|Any CPU.ActiveCfg = Release|Any CPU
		{2B1509C9-1D3D-40D9-BB8E-719ADAF9F777}.Release|Any CPU.Build.0 = Release|Any CPU
		{D170D40E-4B80-4300-91BA-90FAE4817BF6}.Debug|Any CPU.ActiveCfg = Debug
		{D170D40E-4B80-4300-91BA-90FAE4817BF6}.Release|Any CPU.ActiveCfg = Release
	EndGlobalSection
	GlobalSection(SolutionProperties) = preSolution
		HideSolutionNode = FALSE
	EndGlobalSection
	GlobalSection(ExtensibilityGlobals) = postSolution
		SolutionGuid = {24D918E5-CAED-4FFA-87DE-B0C165440C4D}
	EndGlobalSection
EndGlobal
