
Microsoft Visual Studio Solution File, Format Version 12.00
# Visual Studio Version 16
VisualStudioVersion = 16.0.31613.86
MinimumVisualStudioVersion = 10.0.40219.1
Project("{FAE04EC0-301F-11D3-BF4B-00C04F79EFBC}") = "ChatTCP", "ChatTCP.csproj", "{4E92955F-8644-41B4-BCBE-B333F1369A87}"
EndProject
Project("{54435603-DBB4-11D2-8724-00A0C9A8B90C}") = "ChatRoomTCP_Setup", "..\ChatRoomTCP_Setup\ChatRoomTCP_Setup.vdproj", "{961C1147-FF96-4C0F-8805-69B5C6E52DBF}"
EndProject
Global
	GlobalSection(SolutionConfigurationPlatforms) = preSolution
		Debug|Any CPU = Debug|Any CPU
		Release|Any CPU = Release|Any CPU
	EndGlobalSection
	GlobalSection(ProjectConfigurationPlatforms) = postSolution
		{4E92955F-8644-41B4-BCBE-B333F1369A87}.Debug|Any CPU.ActiveCfg = Debug|Any CPU
		{4E92955F-8644-41B4-BCBE-B333F1369A87}.Debug|Any CPU.Build.0 = Debug|Any CPU
		{4E92955F-8644-41B4-BCBE-B333F1369A87}.Release|Any CPU.ActiveCfg = Release|Any CPU
		{4E92955F-8644-41B4-BCBE-B333F1369A87}.Release|Any CPU.Build.0 = Release|Any CPU
		{961C1147-FF96-4C0F-8805-69B5C6E52DBF}.Debug|Any CPU.ActiveCfg = Debug
		{961C1147-FF96-4C0F-8805-69B5C6E52DBF}.Release|Any CPU.ActiveCfg = Release
	EndGlobalSection
	GlobalSection(SolutionProperties) = preSolution
		HideSolutionNode = FALSE
	EndGlobalSection
	GlobalSection(ExtensibilityGlobals) = postSolution
		SolutionGuid = {48EDF338-E0F9-43DB-BE9D-7EA48129F3AB}
	EndGlobalSection
EndGlobal
